
Microsoft Visual Studio Solution File, Format Version 12.00
# Visual Studio Version 17
VisualStudioVersion = 17.4.33122.133
MinimumVisualStudioVersion = 10.0.40219.1
Project("{D954291E-2A0B-460D-934E-DC6B0785DB48}") = "GroupDocs.Watermark.Examples.CSharp", "GroupDocs.Watermark.Examples.CSharp\GroupDocs.Watermark.Examples.CSharp.shproj", "{31154EC6-5BD1-4011-85FD-6A19474B36BC}"
EndProject
Project("{FAE04EC0-301F-11D3-BF4B-00C04F79EFBC}") = "GroupDocs.Watermark.Examples.CSharp.Framework", "GroupDocs.Watermark.Examples.CSharp.Framework\GroupDocs.Watermark.Examples.CSharp.Framework.csproj", "{DF06A8DF-EB0B-4CAE-A999-6E03345FCCC7}"
EndProject
Project("{9A19103F-16F7-4668-BE54-9A1E7A4F7556}") = "GroupDocs.Watermark.Examples.CSharp.Core", "GroupDocs.Watermark.Examples.CSharp.Core\GroupDocs.Watermark.Examples.CSharp.Core.csproj", "{BFA3A864-A9B4-43ED-9FF8-F0C72DFD7E3C}"
EndProject
Project("{9A19103F-16F7-4668-BE54-9A1E7A4F7556}") = "GroupDocs.Watermark.Examples.CSharp.Net", "GroupDocs.Watermark.Examples.CSharp.Net\GroupDocs.Watermark.Examples.CSharp.Net.csproj", "{D67173DA-FCBA-4520-AB9F-87C625B96398}"
EndProject
Global
	GlobalSection(SolutionConfigurationPlatforms) = preSolution
		Debug|Any CPU = Debug|Any CPU
		Release|Any CPU = Release|Any CPU
	EndGlobalSection
	GlobalSection(ProjectConfigurationPlatforms) = postSolution
		{DF06A8DF-EB0B-4CAE-A999-6E03345FCCC7}.Debug|Any CPU.ActiveCfg = Debug|Any CPU
		{DF06A8DF-EB0B-4CAE-A999-6E03345FCCC7}.Debug|Any CPU.Build.0 = Debug|Any CPU
		{DF06A8DF-EB0B-4CAE-A999-6E03345FCCC7}.Release|Any CPU.ActiveCfg = Release|Any CPU
		{DF06A8DF-EB0B-4CAE-A999-6E03345FCCC7}.Release|Any CPU.Build.0 = Release|Any CPU
		{BFA3A864-A9B4-43ED-9FF8-F0C72DFD7E3C}.Debug|Any CPU.ActiveCfg = Debug|Any CPU
		{BFA3A864-A9B4-43ED-9FF8-F0C72DFD7E3C}.Debug|Any CPU.Build.0 = Debug|Any CPU
		{BFA3A864-A9B4-43ED-9FF8-F0C72DFD7E3C}.Release|Any CPU.ActiveCfg = Release|Any CPU
		{BFA3A864-A9B4-43ED-9FF8-F0C72DFD7E3C}.Release|Any CPU.Build.0 = Release|Any CPU
		{D67173DA-FCBA-4520-AB9F-87C625B96398}.Debug|Any CPU.ActiveCfg = Debug|Any CPU
		{D67173DA-FCBA-4520-AB9F-87C625B96398}.Debug|Any CPU.Build.0 = Debug|Any CPU
		{D67173DA-FCBA-4520-AB9F-87C625B96398}.Release|Any CPU.ActiveCfg = Release|Any CPU
		{D67173DA-FCBA-4520-AB9F-87C625B96398}.Release|Any CPU.Build.0 = Release|Any CPU
	EndGlobalSection
	GlobalSection(SolutionProperties) = preSolution
		HideSolutionNode = FALSE
	EndGlobalSection
	GlobalSection(ExtensibilityGlobals) = postSolution
		SolutionGuid = {88394EDF-3C58-420B-8AD8-A805B3813FA8}
	EndGlobalSection
	GlobalSection(SharedMSBuildProjectFiles) = preSolution
		GroupDocs.Watermark.Examples.CSharp\GroupDocs.Watermark.Examples.CSharp.projitems*{31154ec6-5bd1-4011-85fd-6a19474b36bc}*SharedItemsImports = 13
		GroupDocs.Watermark.Examples.CSharp\GroupDocs.Watermark.Examples.CSharp.projitems*{bfa3a864-a9b4-43ed-9ff8-f0c72dfd7e3c}*SharedItemsImports = 5
		GroupDocs.Watermark.Examples.CSharp\GroupDocs.Watermark.Examples.CSharp.projitems*{d67173da-fcba-4520-ab9f-87c625b96398}*SharedItemsImports = 5
		GroupDocs.Watermark.Examples.CSharp\GroupDocs.Watermark.Examples.CSharp.projitems*{df06a8df-eb0b-4cae-a999-6e03345fccc7}*SharedItemsImports = 4
	EndGlobalSection
EndGlobal
